
Microsoft Visual Studio Solution File, Format Version 12.00
# Visual Studio 15
VisualStudioVersion = 15.0.27428.2005
MinimumVisualStudioVersion = 10.0.40219.1
Project("{FAE04EC0-301F-11D3-BF4B-00C04F79EFBC}") = "CoffsyAdmin.Android", "CoffsyAdmin\CoffsyAdmin.Android\CoffsyAdmin.Android.csproj", "{062DC0FE-0FBD-4352-9222-16ED770F0A53}"
EndProject
Project("{FAE04EC0-301F-11D3-BF4B-00C04F79EFBC}") = "CoffsyAdmin.iOS", "CoffsyAdmin\CoffsyAdmin.iOS\CoffsyAdmin.iOS.csproj", "{A948166E-EA9D-4451-BFD9-EBC0281DA46A}"
EndProject
Project("{FAE04EC0-301F-11D3-BF4B-00C04F79EFBC}") = "CoffsyAdmin", "CoffsyAdmin\CoffsyAdmin\CoffsyAdmin.csproj", "{F0086BF6-22EB-4A50-A2EC-063C03395CF8}"
EndProject
Global
	GlobalSection(SolutionConfigurationPlatforms) = preSolution
		Ad-Hoc|Any CPU = Ad-Hoc|Any CPU
		Ad-Hoc|iPhone = Ad-Hoc|iPhone
		Ad-Hoc|iPhoneSimulator = Ad-Hoc|iPhoneSimulator
		AppStore|Any CPU = AppStore|Any CPU
		AppStore|iPhone = AppStore|iPhone
		AppStore|iPhoneSimulator = AppStore|iPhoneSimulator
		Debug|Any CPU = Debug|Any CPU
		Debug|iPhone = Debug|iPhone
		Debug|iPhoneSimulator = Debug|iPhoneSimulator
		Release|Any CPU = Release|Any CPU
		Release|iPhone = Release|iPhone
		Release|iPhoneSimulator = Release|iPhoneSimulator
	EndGlobalSection
	GlobalSection(ProjectConfigurationPlatforms) = postSolution
		{062DC0FE-0FBD-4352-9222-16ED770F0A53}.Ad-Hoc|Any CPU.ActiveCfg = Release|Any CPU
		{062DC0FE-0FBD-4352-9222-16ED770F0A53}.Ad-Hoc|Any CPU.Build.0 = Release|Any CPU
		{062DC0FE-0FBD-4352-9222-16ED770F0A53}.Ad-Hoc|Any CPU.Deploy.0 = Release|Any CPU
		{062DC0FE-0FBD-4352-9222-16ED770F0A53}.Ad-Hoc|iPhone.ActiveCfg = Release|Any CPU
		{062DC0FE-0FBD-4352-9222-16ED770F0A53}.Ad-Hoc|iPhone.Build.0 = Release|Any CPU
		{062DC0FE-0FBD-4352-9222-16ED770F0A53}.Ad-Hoc|iPhone.Deploy.0 = Release|Any CPU
		{062DC0FE-0FBD-4352-9222-16ED770F0A53}.Ad-Hoc|iPhoneSimulator.ActiveCfg = Release|Any CPU
		{062DC0FE-0FBD-4352-9222-16ED770F0A53}.Ad-Hoc|iPhoneSimulator.Build.0 = Release|Any CPU
		{062DC0FE-0FBD-4352-9222-16ED770F0A53}.Ad-Hoc|iPhoneSimulator.Deploy.0 = Release|Any CPU
		{062DC0FE-0FBD-4352-9222-16ED770F0A53}.AppStore|Any CPU.ActiveCfg = Release|Any CPU
		{062DC0FE-0FBD-4352-9222-16ED770F0A53}.AppStore|Any CPU.Build.0 = Release|Any CPU
		{062DC0FE-0FBD-4352-9222-16ED770F0A53}.AppStore|Any CPU.Deploy.0 = Release|Any CPU
		{062DC0FE-0FBD-4352-9222-16ED770F0A53}.AppStore|iPhone.ActiveCfg = Release|Any CPU
		{062DC0FE-0FBD-4352-9222-16ED770F0A53}.AppStore|iPhone.Build.0 = Release|Any CPU
		{062DC0FE-0FBD-4352-9222-16ED770F0A53}.AppStore|iPhone.Deploy.0 = Release|Any CPU
		{062DC0FE-0FBD-4352-9222-16ED770F0A53}.AppStore|iPhoneSimulator.ActiveCfg = Release|Any CPU
		{062DC0FE-0FBD-4352-9222-16ED770F0A53}.AppStore|iPhoneSimulator.Build.0 = Release|Any CPU
		{062DC0FE-0FBD-4352-9222-16ED770F0A53}.AppStore|iPhoneSimulator.Deploy.0 = Release|Any CPU
		{062DC0FE-0FBD-4352-9222-16ED770F0A53}.Debug|Any CPU.ActiveCfg = Debug|Any CPU
		{062DC0FE-0FBD-4352-9222-16ED770F0A53}.Debug|Any CPU.Build.0 = Debug|Any CPU
		{062DC0FE-0FBD-4352-9222-16ED770F0A53}.Debug|Any CPU.Deploy.0 = Debug|Any CPU
		{062DC0FE-0FBD-4352-9222-16ED770F0A53}.Debug|iPhone.ActiveCfg = Debug|Any CPU
		{062DC0FE-0FBD-4352-9222-16ED770F0A53}.Debug|iPhone.Build.0 = Debug|Any CPU
		{062DC0FE-0FBD-4352-9222-16ED770F0A53}.Debug|iPhone.Deploy.0 = Debug|Any CPU
		{062DC0FE-0FBD-4352-9222-16ED770F0A53}.Debug|iPhoneSimulator.ActiveCfg = Debug|Any CPU
		{062DC0FE-0FBD-4352-9222-16ED770F0A53}.Debug|iPhoneSimulator.Build.0 = Debug|Any CPU
		{062DC0FE-0FBD-4352-9222-16ED770F0A53}.Debug|iPhoneSimulator.Deploy.0 = Debug|Any CPU
		{062DC0FE-0FBD-4352-9222-16ED770F0A53}.Release|Any CPU.ActiveCfg = Release|Any CPU
		{062DC0FE-0FBD-4352-9222-16ED770F0A53}.Release|Any CPU.Build.0 = Release|Any CPU
		{062DC0FE-0FBD-4352-9222-16ED770F0A53}.Release|Any CPU.Deploy.0 = Release|Any CPU
		{062DC0FE-0FBD-4352-9222-16ED770F0A53}.Release|iPhone.ActiveCfg = Release|Any CPU
		{062DC0FE-0FBD-4352-9222-16ED770F0A53}.Release|iPhone.Build.0 = Release|Any CPU
		{062DC0FE-0FBD-4352-9222-16ED770F0A53}.Release|iPhone.Deploy.0 = Release|Any CPU
		{062DC0FE-0FBD-4352-9222-16ED770F0A53}.Release|iPhoneSimulator.ActiveCfg = Release|Any CPU
		{062DC0FE-0FBD-4352-9222-16ED770F0A53}.Release|iPhoneSimulator.Build.0 = Release|Any CPU
		{062DC0FE-0FBD-4352-9222-16ED770F0A53}.Release|iPhoneSimulator.Deploy.0 = Release|Any CPU
		{A948166E-EA9D-4451-BFD9-EBC0281DA46A}.Ad-Hoc|Any CPU.ActiveCfg = Ad-Hoc|iPhone
		{A948166E-EA9D-4451-BFD9-EBC0281DA46A}.Ad-Hoc|iPhone.ActiveCfg = Ad-Hoc|iPhone
		{A948166E-EA9D-4451-BFD9-EBC0281DA46A}.Ad-Hoc|iPhone.Build.0 = Ad-Hoc|iPhone
		{A948166E-EA9D-4451-BFD9-EBC0281DA46A}.Ad-Hoc|iPhoneSimulator.ActiveCfg = Ad-Hoc|iPhoneSimulator
		{A948166E-EA9D-4451-BFD9-EBC0281DA46A}.Ad-Hoc|iPhoneSimulator.Build.0 = Ad-Hoc|iPhoneSimulator
		{A948166E-EA9D-4451-BFD9-EBC0281DA46A}.AppStore|Any CPU.ActiveCfg = AppStore|iPhone
		{A948166E-EA9D-4451-BFD9-EBC0281DA46A}.AppStore|iPhone.ActiveCfg = AppStore|iPhone
		{A948166E-EA9D-4451-BFD9-EBC0281DA46A}.AppStore|iPhone.Build.0 = AppStore|iPhone
		{A948166E-EA9D-4451-BFD9-EBC0281DA46A}.AppStore|iPhoneSimulator.ActiveCfg = AppStore|iPhoneSimulator
		{A948166E-EA9D-4451-BFD9-EBC0281DA46A}.AppStore|iPhoneSimulator.Build.0 = AppStore|iPhoneSimulator
		{A948166E-EA9D-4451-BFD9-EBC0281DA46A}.Debug|Any CPU.ActiveCfg = Debug|iPhone
		{A948166E-EA9D-4451-BFD9-EBC0281DA46A}.Debug|iPhone.ActiveCfg = Debug|iPhone
		{A948166E-EA9D-4451-BFD9-EBC0281DA46A}.Debug|iPhone.Build.0 = Debug|iPhone
		{A948166E-EA9D-4451-BFD9-EBC0281DA46A}.Debug|iPhoneSimulator.ActiveCfg = Debug|iPhoneSimulator
		{A948166E-EA9D-4451-BFD9-EBC0281DA46A}.Debug|iPhoneSimulator.Build.0 = Debug|iPhoneSimulator
		{A948166E-EA9D-4451-BFD9-EBC0281DA46A}.Release|Any CPU.ActiveCfg = Release|iPhone
		{A948166E-EA9D-4451-BFD9-EBC0281DA46A}.Release|iPhone.ActiveCfg = Release|iPhone
		{A948166E-EA9D-4451-BFD9-EBC0281DA46A}.Release|iPhone.Build.0 = Release|iPhone
		{A948166E-EA9D-4451-BFD9-EBC0281DA46A}.Release|iPhoneSimulator.ActiveCfg = Release|iPhoneSimulator
		{A948166E-EA9D-4451-BFD9-EBC0281DA46A}.Release|iPhoneSimulator.Build.0 = Release|iPhoneSimulator
		{F0086BF6-22EB-4A50-A2EC-063C03395CF8}.Ad-Hoc|Any CPU.ActiveCfg = Debug|Any CPU
		{F0086BF6-22EB-4A50-A2EC-063C03395CF8}.Ad-Hoc|Any CPU.Build.0 = Debug|Any CPU
		{F0086BF6-22EB-4A50-A2EC-063C03395CF8}.Ad-Hoc|iPhone.ActiveCfg = Debug|Any CPU
		{F0086BF6-22EB-4A50-A2EC-063C03395CF8}.Ad-Hoc|iPhone.Build.0 = Debug|Any CPU
		{F0086BF6-22EB-4A50-A2EC-063C03395CF8}.Ad-Hoc|iPhoneSimulator.ActiveCfg = Debug|Any CPU
		{F0086BF6-22EB-4A50-A2EC-063C03395CF8}.Ad-Hoc|iPhoneSimulator.Build.0 = Debug|Any CPU
		{F0086BF6-22EB-4A50-A2EC-063C03395CF8}.AppStore|Any CPU.ActiveCfg = Debug|Any CPU
		{F0086BF6-22EB-4A50-A2EC-063C03395CF8}.AppStore|Any CPU.Build.0 = Debug|Any CPU
		{F0086BF6-22EB-4A50-A2EC-063C03395CF8}.AppStore|iPhone.ActiveCfg = Debug|Any CPU
		{F0086BF6-22EB-4A50-A2EC-063C03395CF8}.AppStore|iPhone.Build.0 = Debug|Any CPU
		{F0086BF6-22EB-4A50-A2EC-063C03395CF8}.AppStore|iPhoneSimulator.ActiveCfg = Debug|Any CPU
		{F0086BF6-22EB-4A50-A2EC-063C03395CF8}.AppStore|iPhoneSimulator.Build.0 = Debug|Any CPU
		{F0086BF6-22EB-4A50-A2EC-063C03395CF8}.Debug|Any CPU.ActiveCfg = Debug|Any CPU
		{F0086BF6-22EB-4A50-A2EC-063C03395CF8}.Debug|Any CPU.Build.0 = Debug|Any CPU
		{F0086BF6-22EB-4A50-A2EC-063C03395CF8}.Debug|iPhone.ActiveCfg = Debug|Any CPU
		{F0086BF6-22EB-4A50-A2EC-063C03395CF8}.Debug|iPhone.Build.0 = Debug|Any CPU
		{F0086BF6-22EB-4A50-A2EC-063C03395CF8}.Debug|iPhoneSimulator.ActiveCfg = Debug|Any CPU
		{F0086BF6-22EB-4A50-A2EC-063C03395CF8}.Debug|iPhoneSimulator.Build.0 = Debug|Any CPU
		{F0086BF6-22EB-4A50-A2EC-063C03395CF8}.Release|Any CPU.ActiveCfg = Release|Any CPU
		{F0086BF6-22EB-4A50-A2EC-063C03395CF8}.Release|Any CPU.Build.0 = Release|Any CPU
		{F0086BF6-22EB-4A50-A2EC-063C03395CF8}.Release|iPhone.ActiveCfg = Release|Any CPU
		{F0086BF6-22EB-4A50-A2EC-063C03395CF8}.Release|iPhone.Build.0 = Release|Any CPU
		{F0086BF6-22EB-4A50-A2EC-063C03395CF8}.Release|iPhoneSimulator.ActiveCfg = Release|Any CPU
		{F0086BF6-22EB-4A50-A2EC-063C03395CF8}.Release|iPhoneSimulator.Build.0 = Release|Any CPU
	EndGlobalSection
	GlobalSection(SolutionProperties) = preSolution
		HideSolutionNode = FALSE
	EndGlobalSection
	GlobalSection(ExtensibilityGlobals) = postSolution
		SolutionGuid = {FA58F403-EE65-400E-8767-37ACCDDAF943}
	EndGlobalSection
EndGlobal
